
Microsoft Visual Studio Solution File, Format Version 12.00
# Visual Studio Version 16
VisualStudioVersion = 16.0.29519.87
MinimumVisualStudioVersion = 10.0.40219.1
Project("{9A19103F-16F7-4668-BE54-9A1E7A4F7556}") = "FreshBrewApi", "FreshBrewApi\FreshBrewApi.csproj", "{F672B62F-79A2-4DF8-8687-EAE9C39476FC}"
	ProjectSection(ProjectDependencies) = postProject
		{1612179E-F74E-4F48-8035-613DCCA2A17B} = {1612179E-F74E-4F48-8035-613DCCA2A17B}
	EndProjectSection
EndProject
Project("{9A19103F-16F7-4668-BE54-9A1E7A4F7556}") = "Model", "Model\Model.csproj", "{1612179E-F74E-4F48-8035-613DCCA2A17B}"
EndProject
Global
	GlobalSection(SolutionConfigurationPlatforms) = preSolution
		Debug|Any CPU = Debug|Any CPU
		Release|Any CPU = Release|Any CPU
	EndGlobalSection
	GlobalSection(ProjectConfigurationPlatforms) = postSolution
		{F672B62F-79A2-4DF8-8687-EAE9C39476FC}.Debug|Any CPU.ActiveCfg = Debug|Any CPU
		{F672B62F-79A2-4DF8-8687-EAE9C39476FC}.Debug|Any CPU.Build.0 = Debug|Any CPU
		{F672B62F-79A2-4DF8-8687-EAE9C39476FC}.Release|Any CPU.ActiveCfg = Release|Any CPU
		{F672B62F-79A2-4DF8-8687-EAE9C39476FC}.Release|Any CPU.Build.0 = Release|Any CPU
		{1612179E-F74E-4F48-8035-613DCCA2A17B}.Debug|Any CPU.ActiveCfg = Debug|Any CPU
		{1612179E-F74E-4F48-8035-613DCCA2A17B}.Debug|Any CPU.Build.0 = Debug|Any CPU
		{1612179E-F74E-4F48-8035-613DCCA2A17B}.Release|Any CPU.ActiveCfg = Release|Any CPU
		{1612179E-F74E-4F48-8035-613DCCA2A17B}.Release|Any CPU.Build.0 = Release|Any CPU
	EndGlobalSection
	GlobalSection(SolutionProperties) = preSolution
		HideSolutionNode = FALSE
	EndGlobalSection
	GlobalSection(ExtensibilityGlobals) = postSolution
		SolutionGuid = {EC2E9341-218C-4127-9AA8-213038D00D91}
	EndGlobalSection
EndGlobal
